
Microsoft Visual Studio Solution File, Format Version 12.00
# Visual Studio Version 16
VisualStudioVersion = 16.0.30128.74
MinimumVisualStudioVersion = 10.0.40219.1
Project("{FAE04EC0-301F-11D3-BF4B-00C04F79EFBC}") = "apiGenericOperationsHelper", "apiGenericOperationsHelper\apiGenericOperationsHelper.csproj", "{46FE730F-1764-432B-AF65-E5E785E0888F}"
EndProject
Global
	GlobalSection(SolutionConfigurationPlatforms) = preSolution
		Debug|Any CPU = Debug|Any CPU
		Release|Any CPU = Release|Any CPU
	EndGlobalSection
	GlobalSection(ProjectConfigurationPlatforms) = postSolution
		{46FE730F-1764-432B-AF65-E5E785E0888F}.Debug|Any CPU.ActiveCfg = Debug|Any CPU
		{46FE730F-1764-432B-AF65-E5E785E0888F}.Debug|Any CPU.Build.0 = Debug|Any CPU
		{46FE730F-1764-432B-AF65-E5E785E0888F}.Release|Any CPU.ActiveCfg = Release|Any CPU
		{46FE730F-1764-432B-AF65-E5E785E0888F}.Release|Any CPU.Build.0 = Release|Any CPU
	EndGlobalSection
	GlobalSection(SolutionProperties) = preSolution
		HideSolutionNode = FALSE
	EndGlobalSection
	GlobalSection(ExtensibilityGlobals) = postSolution
		SolutionGuid = {18B5CD34-C029-446D-848F-D300DEB76842}
	EndGlobalSection
EndGlobal
